
Microsoft Visual Studio Solution File, Format Version 12.00
# Visual Studio Version 16
VisualStudioVersion = 16.0.30804.86
MinimumVisualStudioVersion = 10.0.40219.1
Project("{2150E333-8FDC-42A3-9474-1A3956D46DE8}") = "src", "src", "{19C6B371-2096-4FCE-943B-4A82908146AF}"
EndProject
Project("{2150E333-8FDC-42A3-9474-1A3956D46DE8}") = "tests", "tests", "{3D7C3200-2294-4812-96F2-7709683854A7}"
EndProject
Project("{2150E333-8FDC-42A3-9474-1A3956D46DE8}") = "Application", "Application", "{D629B309-379B-4FDB-8104-C6436455AA3C}"
EndProject
Project("{2150E333-8FDC-42A3-9474-1A3956D46DE8}") = "Domain", "Domain", "{9BE26C82-3FB6-4853-BDB3-8806FA766D4A}"
EndProject
Project("{2150E333-8FDC-42A3-9474-1A3956D46DE8}") = "Infrastructure", "Infrastructure", "{93838665-C7AC-4183-BCAE-563410C7FEBC}"
EndProject
Project("{2150E333-8FDC-42A3-9474-1A3956D46DE8}") = "WebUI", "WebUI", "{7E7753F7-2A82-447A-9B1A-16412CD7F1A2}"
EndProject
Project("{2150E333-8FDC-42A3-9474-1A3956D46DE8}") = "Application.IntegrationTests", "Application.IntegrationTests", "{A0679C43-71C9-4607-94C2-B7F9A4EA645D}"
EndProject
Project("{2150E333-8FDC-42A3-9474-1A3956D46DE8}") = "Application.UnitTests", "Application.UnitTests", "{1A96BAED-27AE-4E69-B58B-72FA71947653}"
EndProject
Project("{2150E333-8FDC-42A3-9474-1A3956D46DE8}") = "Domain.UnitTests", "Domain.UnitTests", "{E5261CB1-C797-48D5-9238-612525A255E1}"
EndProject
Project("{9A19103F-16F7-4668-BE54-9A1E7A4F7556}") = "Payments.Application", "src\Application\Payments.Application\Payments.Application.csproj", "{E7937691-C619-433C-A82F-3811CBC9B584}"
EndProject
Project("{9A19103F-16F7-4668-BE54-9A1E7A4F7556}") = "Payments.Domain", "src\Domain\Payments.Domain\Payments.Domain.csproj", "{73868B33-29E2-42BE-9F14-7317A50FA5A3}"
EndProject
Project("{9A19103F-16F7-4668-BE54-9A1E7A4F7556}") = "Payments.API", "src\WebUI\Payments.API\Payments.API.csproj", "{D714528B-B39F-4021-B662-FEBB2E0DB810}"
EndProject
Project("{9A19103F-16F7-4668-BE54-9A1E7A4F7556}") = "Payments.Infrastructure", "src\Infrastructure\Payments.Infrastructure\Payments.Infrastructure.csproj", "{4F59E28B-8AA4-472D-9C3F-65D40D862B1A}"
EndProject
Project("{2150E333-8FDC-42A3-9474-1A3956D46DE8}") = "WebUI.IntegrationTests", "WebUI.IntegrationTests", "{C22EE32D-8C7A-4EF9-9E83-87A4651B0332}"
EndProject
Project("{9A19103F-16F7-4668-BE54-9A1E7A4F7556}") = "Payments.Application.UnitTests", "tests\Application.UnitTests\Payments.Application.UnitTests\Payments.Application.UnitTests.csproj", "{B2860470-BD9A-4EC7-99D2-23ED866EEAD6}"
EndProject
Project("{9A19103F-16F7-4668-BE54-9A1E7A4F7556}") = "Payments.API.IntegrationTests", "tests\WebUI.IntegrationTests\Payments.API.IntegrationTests\Payments.API.IntegrationTests.csproj", "{36265B53-376F-4503-A571-79421FF8E2CB}"
EndProject
Project("{2150E333-8FDC-42A3-9474-1A3956D46DE8}") = "Infrastructure.IntegrationTests", "Infrastructure.IntegrationTests", "{51E10328-55D8-499F-9FB7-B92B5F321C72}"
EndProject
Project("{FAE04EC0-301F-11D3-BF4B-00C04F79EFBC}") = "Payments.Infrastructure.IntegrationTests", "tests\Infrastructure.IntegrationTests\Payments.Infrastructure.IntegrationTests\Payments.Infrastructure.IntegrationTests.csproj", "{F96C5CBF-5490-4D05-B74E-341B1D1CE0A9}"
EndProject
Global
	GlobalSection(SolutionConfigurationPlatforms) = preSolution
		Debug|Any CPU = Debug|Any CPU
		Release|Any CPU = Release|Any CPU
	EndGlobalSection
	GlobalSection(ProjectConfigurationPlatforms) = postSolution
		{E7937691-C619-433C-A82F-3811CBC9B584}.Debug|Any CPU.ActiveCfg = Debug|Any CPU
		{E7937691-C619-433C-A82F-3811CBC9B584}.Debug|Any CPU.Build.0 = Debug|Any CPU
		{E7937691-C619-433C-A82F-3811CBC9B584}.Release|Any CPU.ActiveCfg = Release|Any CPU
		{E7937691-C619-433C-A82F-3811CBC9B584}.Release|Any CPU.Build.0 = Release|Any CPU
		{73868B33-29E2-42BE-9F14-7317A50FA5A3}.Debug|Any CPU.ActiveCfg = Debug|Any CPU
		{73868B33-29E2-42BE-9F14-7317A50FA5A3}.Debug|Any CPU.Build.0 = Debug|Any CPU
		{73868B33-29E2-42BE-9F14-7317A50FA5A3}.Release|Any CPU.ActiveCfg = Release|Any CPU
		{73868B33-29E2-42BE-9F14-7317A50FA5A3}.Release|Any CPU.Build.0 = Release|Any CPU
		{D714528B-B39F-4021-B662-FEBB2E0DB810}.Debug|Any CPU.ActiveCfg = Debug|Any CPU
		{D714528B-B39F-4021-B662-FEBB2E0DB810}.Debug|Any CPU.Build.0 = Debug|Any CPU
		{D714528B-B39F-4021-B662-FEBB2E0DB810}.Release|Any CPU.ActiveCfg = Release|Any CPU
		{D714528B-B39F-4021-B662-FEBB2E0DB810}.Release|Any CPU.Build.0 = Release|Any CPU
		{4F59E28B-8AA4-472D-9C3F-65D40D862B1A}.Debug|Any CPU.ActiveCfg = Debug|Any CPU
		{4F59E28B-8AA4-472D-9C3F-65D40D862B1A}.Debug|Any CPU.Build.0 = Debug|Any CPU
		{4F59E28B-8AA4-472D-9C3F-65D40D862B1A}.Release|Any CPU.ActiveCfg = Release|Any CPU
		{4F59E28B-8AA4-472D-9C3F-65D40D862B1A}.Release|Any CPU.Build.0 = Release|Any CPU
		{B2860470-BD9A-4EC7-99D2-23ED866EEAD6}.Debug|Any CPU.ActiveCfg = Debug|Any CPU
		{B2860470-BD9A-4EC7-99D2-23ED866EEAD6}.Debug|Any CPU.Build.0 = Debug|Any CPU
		{B2860470-BD9A-4EC7-99D2-23ED866EEAD6}.Release|Any CPU.ActiveCfg = Release|Any CPU
		{B2860470-BD9A-4EC7-99D2-23ED866EEAD6}.Release|Any CPU.Build.0 = Release|Any CPU
		{36265B53-376F-4503-A571-79421FF8E2CB}.Debug|Any CPU.ActiveCfg = Debug|Any CPU
		{36265B53-376F-4503-A571-79421FF8E2CB}.Debug|Any CPU.Build.0 = Debug|Any CPU
		{36265B53-376F-4503-A571-79421FF8E2CB}.Release|Any CPU.ActiveCfg = Release|Any CPU
		{36265B53-376F-4503-A571-79421FF8E2CB}.Release|Any CPU.Build.0 = Release|Any CPU
		{F96C5CBF-5490-4D05-B74E-341B1D1CE0A9}.Debug|Any CPU.ActiveCfg = Debug|Any CPU
		{F96C5CBF-5490-4D05-B74E-341B1D1CE0A9}.Debug|Any CPU.Build.0 = Debug|Any CPU
		{F96C5CBF-5490-4D05-B74E-341B1D1CE0A9}.Release|Any CPU.ActiveCfg = Release|Any CPU
		{F96C5CBF-5490-4D05-B74E-341B1D1CE0A9}.Release|Any CPU.Build.0 = Release|Any CPU
	EndGlobalSection
	GlobalSection(SolutionProperties) = preSolution
		HideSolutionNode = FALSE
	EndGlobalSection
	GlobalSection(NestedProjects) = preSolution
		{D629B309-379B-4FDB-8104-C6436455AA3C} = {19C6B371-2096-4FCE-943B-4A82908146AF}
		{9BE26C82-3FB6-4853-BDB3-8806FA766D4A} = {19C6B371-2096-4FCE-943B-4A82908146AF}
		{93838665-C7AC-4183-BCAE-563410C7FEBC} = {19C6B371-2096-4FCE-943B-4A82908146AF}
		{7E7753F7-2A82-447A-9B1A-16412CD7F1A2} = {19C6B371-2096-4FCE-943B-4A82908146AF}
		{A0679C43-71C9-4607-94C2-B7F9A4EA645D} = {3D7C3200-2294-4812-96F2-7709683854A7}
		{1A96BAED-27AE-4E69-B58B-72FA71947653} = {3D7C3200-2294-4812-96F2-7709683854A7}
		{E5261CB1-C797-48D5-9238-612525A255E1} = {3D7C3200-2294-4812-96F2-7709683854A7}
		{E7937691-C619-433C-A82F-3811CBC9B584} = {D629B309-379B-4FDB-8104-C6436455AA3C}
		{73868B33-29E2-42BE-9F14-7317A50FA5A3} = {9BE26C82-3FB6-4853-BDB3-8806FA766D4A}
		{D714528B-B39F-4021-B662-FEBB2E0DB810} = {7E7753F7-2A82-447A-9B1A-16412CD7F1A2}
		{4F59E28B-8AA4-472D-9C3F-65D40D862B1A} = {93838665-C7AC-4183-BCAE-563410C7FEBC}
		{C22EE32D-8C7A-4EF9-9E83-87A4651B0332} = {3D7C3200-2294-4812-96F2-7709683854A7}
		{B2860470-BD9A-4EC7-99D2-23ED866EEAD6} = {1A96BAED-27AE-4E69-B58B-72FA71947653}
		{36265B53-376F-4503-A571-79421FF8E2CB} = {C22EE32D-8C7A-4EF9-9E83-87A4651B0332}
		{51E10328-55D8-499F-9FB7-B92B5F321C72} = {3D7C3200-2294-4812-96F2-7709683854A7}
		{F96C5CBF-5490-4D05-B74E-341B1D1CE0A9} = {51E10328-55D8-499F-9FB7-B92B5F321C72}
	EndGlobalSection
	GlobalSection(ExtensibilityGlobals) = postSolution
		SolutionGuid = {118F0E7C-920D-4F81-A4E7-D3FB4859BE7C}
	EndGlobalSection
EndGlobal
